{
  "name": "agentcore",
  "version": "2.0.0",
  "lockfileVersion": 3,
  "requires": true,
  "packages": {
    "": {
      "name": "agentcore",
      "version": "2.0.0",
      "workspaces": [
        "apps/*",
        "packages/*"
      ],
      "dependencies": {
        "@prisma/client": "^5.22.0"
      },
      "devDependencies": {
        "prisma": "^5.22.0",
        "turbo": "^2.3.0",
        "typescript": "^5.6.0"
      }
    },
    "node_modules/@prisma/client": {
      "version": "5.22.0",
      "resolved": "https://registry.npmjs.org/@prisma/client/-/client-5.22.0.tgz",
      "integrity": "sha512-M0SVXfyHnQREBKxCgyo7sffrKttwE6R8PMq330MIUF0pTwjUhLbW84pFDlf06B27XyCR++VtjugEnIHdr07SVA==",
      "hasInstallScript": true,
      "license": "Apache-2.0",
      "engines": {
        "node": ">=16.13"
      },
      "peerDependencies": {
        "prisma": "*"
      },
      "peerDependenciesMeta": {
        "prisma": {
          "optional": true
        }
      }
    },
    "node_modules/@prisma/debug": {
      "version": "5.22.0",
      "resolved": "https://registry.npmjs.org/@prisma/debug/-/debug-5.22.0.tgz",
      "integrity": "sha512-AUt44v3YJeggO2ZU5BkXI7M4hu9BF2zzH2iF2V5pyXT/lRTyWiElZ7It+bRH1EshoMRxHgpYg4VB6rCM+mG5jQ==",
      "devOptional": true,
      "license": "Apache-2.0"
    },
    "node_modules/@prisma/engines": {
      "version": "5.22.0",
      "resolved": "https://registry.npmjs.org/@prisma/engines/-/engines-5.22.0.tgz",
      "integrity": "sha512-UNjfslWhAt06kVL3CjkuYpHAWSO6L4kDCVPegV6itt7nD1kSJavd3vhgAEhjglLJJKEdJ7oIqDJ+yHk6qO8gPA==",
      "devOptional": true,
      "hasInstallScript": true,
      "license": "Apache-2.0",
      "dependencies": {
        "@prisma/debug": "5.22.0",
        "@prisma/engines-version": "5.22.0-44.605197351a3c8bdd595af2d2a9bc3025bca48ea2",
        "@prisma/fetch-engine": "5.22.0",
        "@prisma/get-platform": "5.22.0"
      }
    },
    "node_modules/@prisma/engines-version": {
      "version": "5.22.0-44.605197351a3c8bdd595af2d2a9bc3025bca48ea2",
      "resolved": "https://registry.npmjs.org/@prisma/engines-version/-/engines-version-5.22.0-44.605197351a3c8bdd595af2d2a9bc3025bca48ea2.tgz",
      "integrity": "sha512-2PTmxFR2yHW/eB3uqWtcgRcgAbG1rwG9ZriSvQw+nnb7c4uCr3RAcGMb6/zfE88SKlC1Nj2ziUvc96Z379mHgQ==",
      "devOptional": true,
      "license": "Apache-2.0"
    },
    "node_modules/@prisma/fetch-engine": {
      "version": "5.22.0",
      "resolved": "https://registry.npmjs.org/@prisma/fetch-engine/-/fetch-engine-5.22.0.tgz",
      "integrity": "sha512-bkrD/Mc2fSvkQBV5EpoFcZ87AvOgDxbG99488a5cexp5Ccny+UM6MAe/UFkUC0wLYD9+9befNOqGiIJhhq+HbA==",
      "devOptional": true,
      "license": "Apache-2.0",
      "dependencies": {
        "@prisma/debug": "5.22.0",
        "@prisma/engines-version": "5.22.0-44.605197351a3c8bdd595af2d2a9bc3025bca48ea2",
        "@prisma/get-platform": "5.22.0"
      }
    },
    "node_modules/@prisma/get-platform": {
      "version": "5.22.0",
      "resolved": "https://registry.npmjs.org/@prisma/get-platform/-/get-platform-5.22.0.tgz",
      "integrity": "sha512-pHhpQdr1UPFpt+zFfnPazhulaZYCUqeIcPpJViYoq9R+D/yw4fjE+CtnsnKzPYm0ddUbeXUzjGVGIRVgPDCk4Q==",
      "devOptional": true,
      "license": "Apache-2.0",
      "dependencies": {
        "@prisma/debug": "5.22.0"
      }
    },
    "node_modules/@turbo/darwin-64": {
      "version": "2.9.16",
      "resolved": "https://registry.npmjs.org/@turbo/darwin-64/-/darwin-64-2.9.16.tgz",
      "integrity": "sha512-jLjApWTSNd7JZ5JaLYfelW1ytnGQOvB7ivl+2RD1xQvJTbi8I9gBjzcga7tDZVPyaxpl10YTfJt3BrYXR18KDw==",
      "cpu": [
        "x64"
      ],
      "dev": true,
      "license": "MIT",
      "optional": true,
      "os": [
        "darwin"
      ]
    },
    "node_modules/@turbo/darwin-arm64": {
      "version": "2.9.16",
      "resolved": "https://registry.npmjs.org/@turbo/darwin-arm64/-/darwin-arm64-2.9.16.tgz",
      "integrity": "sha512-YPgrn+5HIGzrx0O2a631SV4MBQUe4W/DafMFUuBVgaU32PW9/OTT0ehviF0QSxTXuRJlHvW2eUTemddF5/spmw==",
      "cpu": [
        "arm64"
      ],
      "dev": true,
      "license": "MIT",
      "optional": true,
      "os": [
        "darwin"
      ]
    },
    "node_modules/@turbo/linux-64": {
      "version": "2.9.16",
      "resolved": "https://registry.npmjs.org/@turbo/linux-64/-/linux-64-2.9.16.tgz",
      "integrity": "sha512-vAEf1H6l26lTpl9FJ/peQo1NUB8RC0sbEJJz5mPcUhHA2bPDup2x3CZPgo/bH8S4cUcBLm4FN3UHd5iUO2RAew==",
      "cpu": [
        "x64"
      ],
      "dev": true,
      "license": "MIT",
      "optional": true,
      "os": [
        "linux"
      ]
    },
    "node_modules/@turbo/linux-arm64": {
      "version": "2.9.16",
      "resolved": "https://registry.npmjs.org/@turbo/linux-arm64/-/linux-arm64-2.9.16.tgz",
      "integrity": "sha512-xDBLR2PZg4BrQOchfG6svgpv5FCNJ2TOtT2psLdEJcdKo1BH+pnPs9Xj6pvUjgfkHbuvBOfeE4R6tvxMoQKDHQ==",
      "cpu": [
        "arm64"
      ],
      "dev": true,
      "license": "MIT",
      "optional": true,
      "os": [
        "linux"
      ]
    },
    "node_modules/@turbo/windows-64": {
      "version": "2.9.16",
      "resolved": "https://registry.npmjs.org/@turbo/windows-64/-/windows-64-2.9.16.tgz",
      "integrity": "sha512-NBAJnaUiGdgkSzQwUIdOvkCkcpTSu58G/sBGa0mvBtzfvFOOgrQwepKOOQ8cp6sWM6OcKDNFj2p1dsZA1OWjPg==",
      "cpu": [
        "x64"
      ],
      "dev": true,
      "license": "MIT",
      "optional": true,
      "os": [
        "win32"
      ]
    },
    "node_modules/@turbo/windows-arm64": {
      "version": "2.9.16",
      "resolved": "https://registry.npmjs.org/@turbo/windows-arm64/-/windows-arm64-2.9.16.tgz",
      "integrity": "sha512-Y7SJppD0Z8wjO3Ec0ZGd9KQ4Yv0BMnA8CIowj5Vp+OEVsosXDG2weK6/t1RRLfJmc2Ozrnd6y4DOgQys+mn3WQ==",
      "cpu": [
        "arm64"
      ],
      "dev": true,
      "license": "MIT",
      "optional": true,
      "os": [
        "win32"
      ]
    },
    "node_modules/fsevents": {
      "version": "2.3.3",
      "resolved": "https://registry.npmjs.org/fsevents/-/fsevents-2.3.3.tgz",
      "integrity": "sha512-5xoDfX+fL7faATnagmWPpbFtwh/R77WmMMqqHGS65C3vvB0YHrgF+B1YmZ3441tMj5n63k0212XNoJwzlhffQw==",
      "hasInstallScript": true,
      "license": "MIT",
      "optional": true,
      "os": [
        "darwin"
      ],
      "engines": {
        "node": "^8.16.0 || ^10.6.0 || >=11.0.0"
      }
    },
    "node_modules/prisma": {
      "version": "5.22.0",
      "resolved": "https://registry.npmjs.org/prisma/-/prisma-5.22.0.tgz",
      "integrity": "sha512-vtpjW3XuYCSnMsNVBjLMNkTj6OZbudcPPTPYHqX0CJfpcdWciI1dM8uHETwmDxxiqEwCIE6WvXucWUetJgfu/A==",
      "devOptional": true,
      "hasInstallScript": true,
      "license": "Apache-2.0",
      "dependencies": {
        "@prisma/engines": "5.22.0"
      },
      "bin": {
        "prisma": "build/index.js"
      },
      "engines": {
        "node": ">=16.13"
      },
      "optionalDependencies": {
        "fsevents": "2.3.3"
      }
    },
    "node_modules/turbo": {
      "version": "2.9.16",
      "resolved": "https://registry.npmjs.org/turbo/-/turbo-2.9.16.tgz",
      "integrity": "sha512-NqgRQy6j6dPYcdSdv0q1g9QsZg7SWg87RERM8otw/1AtKU2yTFVClOM7cbwKzOonZr/Ek1blTBucw64L9H0Bwg==",
      "dev": true,
      "license": "MIT",
      "bin": {
        "turbo": "bin/turbo"
      },
      "optionalDependencies": {
        "@turbo/darwin-64": "2.9.16",
        "@turbo/darwin-arm64": "2.9.16",
        "@turbo/linux-64": "2.9.16",
        "@turbo/linux-arm64": "2.9.16",
        "@turbo/windows-64": "2.9.16",
        "@turbo/windows-arm64": "2.9.16"
      }
    },
    "node_modules/typescript": {
      "version": "5.9.3",
      "resolved": "https://registry.npmjs.org/typescript/-/typescript-5.9.3.tgz",
      "integrity": "sha512-jl1vZzPDinLr9eUt3J/t7V6FgNEw9QjvBPdysz9KfQDD41fQrC2Y4vKQdiaUpFT4bXlb1RHhLpp8wtm6M5TgSw==",
      "dev": true,
      "license": "Apache-2.0",
      "bin": {
        "tsc": "bin/tsc",
        "tsserver": "bin/tsserver"
      },
      "engines": {
        "node": ">=14.17"
      }
    }
  }
}
